
Microsoft Visual Studio Solution File, Format Version 12.00
# Visual Studio Version 16
VisualStudioVersion = 16.0.30011.22
MinimumVisualStudioVersion = 10.0.40219.1
Project("{9A19103F-16F7-4668-BE54-9A1E7A4F7556}") = "MvcMovie.UI", "MvcMovie.UI.csproj", "{62E2A840-9826-43AA-AB1C-A1073E628522}"
EndProject
Project("{FAE04EC0-301F-11D3-BF4B-00C04F79EFBC}") = "MvcMovie.Domain", "..\MvcMovie.Domain\MvcMovie.Domain.csproj", "{DC085EBA-2C2D-4633-B5DC-C495C92BA38D}"
EndProject
Project("{FAE04EC0-301F-11D3-BF4B-00C04F79EFBC}") = "MvcMovie.DataAccess", "..\MvcMovie.DataAccess\MvcMovie.DataAccess.csproj", "{202DD026-5E72-4E09-B87C-B54B25BCFAC9}"
EndProject
Global
	GlobalSection(SolutionConfigurationPlatforms) = preSolution
		Debug|Any CPU = Debug|Any CPU
		Release|Any CPU = Release|Any CPU
	EndGlobalSection
	GlobalSection(ProjectConfigurationPlatforms) = postSolution
		{62E2A840-9826-43AA-AB1C-A1073E628522}.Debug|Any CPU.ActiveCfg = Debug|Any CPU
		{62E2A840-9826-43AA-AB1C-A1073E628522}.Debug|Any CPU.Build.0 = Debug|Any CPU
		{62E2A840-9826-43AA-AB1C-A1073E628522}.Release|Any CPU.ActiveCfg = Release|Any CPU
		{62E2A840-9826-43AA-AB1C-A1073E628522}.Release|Any CPU.Build.0 = Release|Any CPU
		{DC085EBA-2C2D-4633-B5DC-C495C92BA38D}.Debug|Any CPU.ActiveCfg = Debug|Any CPU
		{DC085EBA-2C2D-4633-B5DC-C495C92BA38D}.Debug|Any CPU.Build.0 = Debug|Any CPU
		{DC085EBA-2C2D-4633-B5DC-C495C92BA38D}.Release|Any CPU.ActiveCfg = Release|Any CPU
		{DC085EBA-2C2D-4633-B5DC-C495C92BA38D}.Release|Any CPU.Build.0 = Release|Any CPU
		{202DD026-5E72-4E09-B87C-B54B25BCFAC9}.Debug|Any CPU.ActiveCfg = Debug|Any CPU
		{202DD026-5E72-4E09-B87C-B54B25BCFAC9}.Debug|Any CPU.Build.0 = Debug|Any CPU
		{202DD026-5E72-4E09-B87C-B54B25BCFAC9}.Release|Any CPU.ActiveCfg = Release|Any CPU
		{202DD026-5E72-4E09-B87C-B54B25BCFAC9}.Release|Any CPU.Build.0 = Release|Any CPU
	EndGlobalSection
	GlobalSection(SolutionProperties) = preSolution
		HideSolutionNode = FALSE
	EndGlobalSection
	GlobalSection(ExtensibilityGlobals) = postSolution
		SolutionGuid = {E17DA9D9-635F-4330-B5A4-1210405C5C8A}
	EndGlobalSection
EndGlobal
